# This file was autogenerated by Stack.
# You should not edit this file by hand.
# For more information, please see the documentation at:
#   https://docs.haskellstack.org/en/stable/lock_files

packages:
- completed:
    hackage: discord-haskell-1.8.8@sha256:647bf08777aebcc8d5eacdb729906b2b05f7832c3b767d87059ef13462ff8875,3562
    pantry-tree:
      size: 2107
      sha256: cbf772087fdc87d74d48514bf1996d9656002542be75bad306be5a028a937d7b
  original:
    hackage: discord-haskell-1.8.8@sha256:647bf08777aebcc8d5eacdb729906b2b05f7832c3b767d87059ef13462ff8875,3562
- completed:
    hackage: emoji-0.1.0.2@sha256:d995572a5c7dcd28f98eb15c6e387a7b3bda1ac2477ab0d9dba8580d5d7b161f,1273
    pantry-tree:
      size: 437
      sha256: dd9ea90a631342e5db0fc21331ade4d563a685e9125d5a3989eefa8e1b96c6c6
  original:
    hackage: emoji-0.1.0.2@sha256:d995572a5c7dcd28f98eb15c6e387a7b3bda1ac2477ab0d9dba8580d5d7b161f,1273
- completed:
    hackage: ffmpeg-light-0.14.0@sha256:4b8d45af99024fee650e46bb0219db18e626182e4e18cb7221d5716bda51620b,5299
    pantry-tree:
      size: 1557
      sha256: 00948636e26379699b10f5c471cc8450a7baf5e7b39d9f3e2da6a4ce75191c9c
  original:
    hackage: ffmpeg-light-0.14.0@sha256:4b8d45af99024fee650e46bb0219db18e626182e4e18cb7221d5716bda51620b,5299
snapshots:
- completed:
    size: 587546
    url: https://raw.githubusercontent.com/commercialhaskell/stackage-snapshots/master/lts/18/10.yaml
    sha256: 88b4f81e162ba3adc230a9fcccc4d19ac116377656bab56c7382ca88598b257a
  original: lts-18.10
