# This file was autogenerated by Stack.
# You should not edit this file by hand.
# For more information, please see the documentation at:
#   https://docs.haskellstack.org/en/stable/lock_files

packages:
- completed:
    hackage: discord-haskell-1.13.0@sha256:3b25487f1dc866dc598cbbc64affbb1f42302e1271bcb07a7c57de3179dc2fc2,4585
    pantry-tree:
      sha256: 3ce1b90f8e301f1fba68b67fa4f4765050e0f879e83100e7e399d290c3f3e091
      size: 2844
  original:
    hackage: discord-haskell-1.13.0@sha256:3b25487f1dc866dc598cbbc64affbb1f42302e1271bcb07a7c57de3179dc2fc2,4585
- completed:
    commit: cea8680d87829c5ae534d0ddc14d252b92304614
    git: https://github.com/celsobonutti/discord-haskell-voice.git
    name: discord-haskell-voice
    pantry-tree:
      sha256: ff6ebd0739609ed44bcd6453742496b5df797ec2cfeff19dbf3156b0a840dccc
      size: 2099
    version: 2.3.1
  original:
    commit: cea8680d87829c5ae534d0ddc14d252b92304614
    git: https://github.com/celsobonutti/discord-haskell-voice.git
- completed:
    hackage: emoji-0.1.0.2@sha256:d995572a5c7dcd28f98eb15c6e387a7b3bda1ac2477ab0d9dba8580d5d7b161f,1273
    pantry-tree:
      sha256: dd9ea90a631342e5db0fc21331ade4d563a685e9125d5a3989eefa8e1b96c6c6
      size: 437
  original:
    hackage: emoji-0.1.0.2@sha256:d995572a5c7dcd28f98eb15c6e387a7b3bda1ac2477ab0d9dba8580d5d7b161f,1273
- completed:
    hackage: saltine-0.2.0.1@sha256:8b41875d2dcd2b27bf87e1b8b19fc290d07262d7fa0565663db5709fe5c86f50,5221
    pantry-tree:
      sha256: 8674160d3426f2be578d4fc3c3690be637902c0de72bcb458b2b98c7ed779949
      size: 5016
  original:
    hackage: saltine-0.2.0.1@sha256:8b41875d2dcd2b27bf87e1b8b19fc290d07262d7fa0565663db5709fe5c86f50,5221
- completed:
    commit: 8ba5739821af9c27cf9d50f03b72b58ed88b913a
    git: https://github.com/yutotakano/opus.git
    name: opus
    pantry-tree:
      sha256: 4951d56d45993a9863303caed92bd00f721906db67ea13c7fbb9a1b18e2ae9de
      size: 857
    version: 0.1.0.0
  original:
    commit: 8ba5739821af9c27cf9d50f03b72b58ed88b913a
    git: https://github.com/yutotakano/opus.git
snapshots:
- completed:
    sha256: adbc602422dde10cc330175da7de8609e70afc41449a7e2d6e8b1827aa0e5008
    size: 649342
    url: https://raw.githubusercontent.com/commercialhaskell/stackage-snapshots/master/lts/20/11.yaml
  original:
    url: https://raw.githubusercontent.com/commercialhaskell/stackage-snapshots/master/lts/20/11.yaml
