# This file was autogenerated by Stack.
# You should not edit this file by hand.
# For more information, please see the documentation at:
#   https://docs.haskellstack.org/en/stable/lock_files

snapshots:
- original: lts-18.6
  completed:
    sha256: f74c482d7c93739ecf3abfbc0f2dea1c20a2dfb2462c689846ed55a9653b66f7
    url: https://raw.githubusercontent.com/commercialhaskell/stackage-snapshots/master/lts/18/6.yaml
    size: 587113
packages:
- original:
    hackage: discord-haskell-1.8.8@sha256:647bf08777aebcc8d5eacdb729906b2b05f7832c3b767d87059ef13462ff8875,3562
  completed:
    pantry-tree:
      sha256: cbf772087fdc87d74d48514bf1996d9656002542be75bad306be5a028a937d7b
      size: 2107
    hackage: discord-haskell-1.8.8@sha256:647bf08777aebcc8d5eacdb729906b2b05f7832c3b767d87059ef13462ff8875,3562
- original:
    hackage: emoji-0.1.0.2@sha256:d995572a5c7dcd28f98eb15c6e387a7b3bda1ac2477ab0d9dba8580d5d7b161f,1273
  completed:
    pantry-tree:
      sha256: dd9ea90a631342e5db0fc21331ade4d563a685e9125d5a3989eefa8e1b96c6c6
      size: 437
    hackage: emoji-0.1.0.2@sha256:d995572a5c7dcd28f98eb15c6e387a7b3bda1ac2477ab0d9dba8580d5d7b161f,1273
- original:
    hackage: ffmpeg-light-0.14.0@sha256:4b8d45af99024fee650e46bb0219db18e626182e4e18cb7221d5716bda51620b,5299
  completed:
    pantry-tree:
      sha256: 00948636e26379699b10f5c471cc8450a7baf5e7b39d9f3e2da6a4ce75191c9c
      size: 1557
    hackage: ffmpeg-light-0.14.0@sha256:4b8d45af99024fee650e46bb0219db18e626182e4e18cb7221d5716bda51620b,5299
- original:
    hackage: unliftio-0.2.20@sha256:93cebd01b5fe2c2c028e0785b1fe8ec42b3d30d869e7848034bb4b7b5894dc24,3318
  completed:
    pantry-tree:
      sha256: d2effa7737d7ce2918815158ce00c6562f7ce3f55b69d35d507da285b5ad8543
      size: 2423
    hackage: unliftio-0.2.20@sha256:93cebd01b5fe2c2c028e0785b1fe8ec42b3d30d869e7848034bb4b7b5894dc24,3318
- original:
    hackage: megaparsec-9.1.0@sha256:f2ef8a08cc1e3fa6628965732f588e07e886a01f8267310404e31072fa9e802b,3238
  completed:
    pantry-tree:
      sha256: 50d4ba02031b8802260a734d5fb1954ac6db1ba99a4c78486d85ace19dc854f4
      size: 1447
    hackage: megaparsec-9.1.0@sha256:f2ef8a08cc1e3fa6628965732f588e07e886a01f8267310404e31072fa9e802b,3238
- original:
    hackage: parser-combinators-1.3.0@sha256:edd54ba56cbae8fadbcceebcfef31b2c70a835e92e5eda41151b939c40647281,1570
  completed:
    pantry-tree:
      sha256: 0754c8d3f213156877f8085da2ad74433167a6c30272b8b64119a2628bd7ade0
      size: 795
    hackage: parser-combinators-1.3.0@sha256:edd54ba56cbae8fadbcceebcfef31b2c70a835e92e5eda41151b939c40647281,1570
- original:
    hackage: containers-0.6.5.1@sha256:a029734132bb3471f8a91e3deaa095581a97410c405a1c665643053db87d87c1,2596
  completed:
    pantry-tree:
      sha256: 86234e3221f6fa50e82d860a8428005ac3ff19fea92103ff79a3047cd5cd1625
      size: 2823
    hackage: containers-0.6.5.1@sha256:a029734132bb3471f8a91e3deaa095581a97410c405a1c665643053db87d87c1,2596
- original:
    hackage: Cabal-3.4.0.0@sha256:74ca2bc93297dc20b291c8dc721055278aa4a7942b0b5aca86766d407e3cbe5f,30533
  completed:
    pantry-tree:
      sha256: b378b1f4a94f2911e9774c67e16859d7deae1ee1bad787cf790443e1f031388f
      size: 45845
    hackage: Cabal-3.4.0.0@sha256:74ca2bc93297dc20b291c8dc721055278aa4a7942b0b5aca86766d407e3cbe5f,30533
- original:
    hackage: binary-0.8.9.0@sha256:9cac9a1d86bfa3e7f75cc8bffaa256f3967ebb6d76f67a42f9679384c5c5e18a,6523
  completed:
    pantry-tree:
      sha256: 61308af6be2cdb6ba09390d35f3fa1ebb45e3af688bf04922658532398eaa276
      size: 1976
    hackage: binary-0.8.9.0@sha256:9cac9a1d86bfa3e7f75cc8bffaa256f3967ebb6d76f67a42f9679384c5c5e18a,6523
- original:
    hackage: parsec-3.1.14.0@sha256:72d5c57e6e126adaa781ab97b19dc76f68490c0a3d88f14038219994cabe94e1,4356
  completed:
    pantry-tree:
      sha256: 495a86688c6e89faf38b8804cc4c9216709e9a6a93cf56c2f07d5bef83f09a17
      size: 2574
    hackage: parsec-3.1.14.0@sha256:72d5c57e6e126adaa781ab97b19dc76f68490c0a3d88f14038219994cabe94e1,4356
- original:
    hackage: text-1.2.5.0@sha256:791f0f6c97ed96113f17ab520cf0efe1a3a4f883a8c85910a5660567c8241c40,7895
  completed:
    pantry-tree:
      sha256: f41504ec5c04a3f3358ef104362f02fdef29cbce4e5e4e6dbd6b6db70c40d4bf
      size: 7395
    hackage: text-1.2.5.0@sha256:791f0f6c97ed96113f17ab520cf0efe1a3a4f883a8c85910a5660567c8241c40,7895
- original:
    hackage: req-3.9.1@sha256:e5cc547cc37cb60b809b0d1abba4623abe6f1af40911dde38e2fc8b16630a177,3747
  completed:
    pantry-tree:
      sha256: 229104fed848ed10fb875a4b3ebd17e47e03bca8550684c8783742ff0f713a5d
      size: 711
    hackage: req-3.9.1@sha256:e5cc547cc37cb60b809b0d1abba4623abe6f1af40911dde38e2fc8b16630a177,3747
- original:
    hackage: http-client-0.7.9@sha256:4fe29d5ed114a61de32be77858af386dbb30cda8852aff4a9e30ccc351ae3b86,5400
  completed:
    pantry-tree:
      sha256: b27ca0bb7e408e02e98591bc7c44efb6e1da7f936ff58c1ae67d59475a2cbc1a
      size: 2459
    hackage: http-client-0.7.9@sha256:4fe29d5ed114a61de32be77858af386dbb30cda8852aff4a9e30ccc351ae3b86,5400
